// !$*UTF8*$!
{
	archiveVersion = 1;
	classes = {
	};
	objectVersion = 50;
	objects = {

/* Begin PBXBuildFile section */
		D81C295E26B24642002344BF /* AppDelegate.swift in Sources */ = {isa = PBXBuildFile; fileRef = D81C295D26B24642002344BF /* AppDelegate.swift */; };
		D81C296026B24642002344BF /* art.scnassets in Resources */ = {isa = PBXBuildFile; fileRef = D81C295F26B24642002344BF /* art.scnassets */; };
		D81C296226B24642002344BF /* ViewController.swift in Sources */ = {isa = PBXBuildFile; fileRef = D81C296126B24642002344BF /* ViewController.swift */; };
		D81C296526B24642002344BF /* Main.storyboard in Resources */ = {isa = PBXBuildFile; fileRef = D81C296326B24642002344BF /* Main.storyboard */; };
		D81C296A26B24645002344BF /* LaunchScreen.storyboard in Resources */ = {isa = PBXBuildFile; fileRef = D81C296826B24645002344BF /* LaunchScreen.storyboard */; };
		D88527B826B31C1200D62A8B /* Assets.xcassets in Resources */ = {isa = PBXBuildFile; fileRef = D81C296626B24645002344BF /* Assets.xcassets */; };
		D88527BB26B432A000D62A8B /* Board.swift in Sources */ = {isa = PBXBuildFile; fileRef = D88527BA26B432A000D62A8B /* Board.swift */; };
		D88527BD26B4893500D62A8B /* Support.swift in Sources */ = {isa = PBXBuildFile; fileRef = D88527BC26B4893500D62A8B /* Support.swift */; };
		D88527BF26B5341800D62A8B /* NewSupport.swift in Sources */ = {isa = PBXBuildFile; fileRef = D88527BE26B5341800D62A8B /* NewSupport.swift */; };
/* End PBXBuildFile section */

/* Begin PBXFileReference section */
		D81C295A26B24642002344BF /* ArDemo.app */ = {isa = PBXFileReference; explicitFileType = wrapper.application; includeInIndex = 0; path = ArDemo.app; sourceTree = BUILT_PRODUCTS_DIR; };
		D81C295D26B24642002344BF /* AppDelegate.swift */ = {isa = PBXFileReference; lastKnownFileType = sourcecode.swift; path = AppDelegate.swift; sourceTree = "<group>"; };
		D81C295F26B24642002344BF /* art.scnassets */ = {isa = PBXFileReference; lastKnownFileType = wrapper.scnassets; path = art.scnassets; sourceTree = "<group>"; };
		D81C296126B24642002344BF /* ViewController.swift */ = {isa = PBXFileReference; lastKnownFileType = sourcecode.swift; path = ViewController.swift; sourceTree = "<group>"; };
		D81C296426B24642002344BF /* Base */ = {isa = PBXFileReference; lastKnownFileType = file.storyboard; name = Base; path = Base.lproj/Main.storyboard; sourceTree = "<group>"; };
		D81C296626B24645002344BF /* Assets.xcassets */ = {isa = PBXFileReference; lastKnownFileType = folder.assetcatalog; path = Assets.xcassets; sourceTree = "<group>"; };
		D81C296926B24645002344BF /* Base */ = {isa = PBXFileReference; lastKnownFileType = file.storyboard; name = Base; path = Base.lproj/LaunchScreen.storyboard; sourceTree = "<group>"; };
		D81C296B26B24645002344BF /* Info.plist */ = {isa = PBXFileReference; lastKnownFileType = text.plist.xml; path = Info.plist; sourceTree = "<group>"; };
		D88527BA26B432A000D62A8B /* Board.swift */ = {isa = PBXFileReference; lastKnownFileType = sourcecode.swift; path = Board.swift; sourceTree = "<group>"; };
		D88527BC26B4893500D62A8B /* Support.swift */ = {isa = PBXFileReference; lastKnownFileType = sourcecode.swift; path = Support.swift; sourceTree = "<group>"; };
		D88527BE26B5341800D62A8B /* NewSupport.swift */ = {isa = PBXFileReference; lastKnownFileType = sourcecode.swift; path = NewSupport.swift; sourceTree = "<group>"; };
/* End PBXFileReference section */

/* Begin PBXFrameworksBuildPhase section */
		D81C295726B24642002344BF /* Frameworks */ = {
			isa = PBXFrameworksBuildPhase;
			buildActionMask = 2147483647;
			files = (
			);
			runOnlyForDeploymentPostprocessing = 0;
		};
/* End PBXFrameworksBuildPhase section */

/* Begin PBXGroup section */
		D81C295126B24642002344BF = {
			isa = PBXGroup;
			children = (
				D81C295C26B24642002344BF /* ArDemo */,
				D81C295B26B24642002344BF /* Products */,
			);
			sourceTree = "<group>";
		};
		D81C295B26B24642002344BF /* Products */ = {
			isa = PBXGroup;
			children = (
				D81C295A26B24642002344BF /* ArDemo.app */,
			);
			name = Products;
			sourceTree = "<group>";
		};
		D81C295C26B24642002344BF /* ArDemo */ = {
			isa = PBXGroup;
			children = (
				D88527B926B4325100D62A8B /* Views */,
				D81C295D26B24642002344BF /* AppDelegate.swift */,
				D81C295F26B24642002344BF /* art.scnassets */,
				D81C296126B24642002344BF /* ViewController.swift */,
				D81C296326B24642002344BF /* Main.storyboard */,
				D81C296626B24645002344BF /* Assets.xcassets */,
				D81C296826B24645002344BF /* LaunchScreen.storyboard */,
				D81C296B26B24645002344BF /* Info.plist */,
			);
			path = ArDemo;
			sourceTree = "<group>";
		};
		D88527B926B4325100D62A8B /* Views */ = {
			isa = PBXGroup;
			children = (
				D88527BA26B432A000D62A8B /* Board.swift */,
				D88527BC26B4893500D62A8B /* Support.swift */,
				D88527BE26B5341800D62A8B /* NewSupport.swift */,
			);
			path = Views;
			sourceTree = "<group>";
		};
/* End PBXGroup section */

/* Begin PBXNativeTarget section */
		D81C295926B24642002344BF /* ArDemo */ = {
			isa = PBXNativeTarget;
			buildConfigurationList = D81C296E26B24645002344BF /* Build configuration list for PBXNativeTarget "ArDemo" */;
			buildPhases = (
				D81C295626B24642002344BF /* Sources */,
				D81C295726B24642002344BF /* Frameworks */,
				D81C295826B24642002344BF /* Resources */,
			);
			buildRules = (
			);
			dependencies = (
			);
			name = ArDemo;
			productName = ArDemo;
			productReference = D81C295A26B24642002344BF /* ArDemo.app */;
			productType = "com.apple.product-type.application";
		};
/* End PBXNativeTarget section */

/* Begin PBXProject section */
		D81C295226B24642002344BF /* Project object */ = {
			isa = PBXProject;
			attributes = {
				LastSwiftUpdateCheck = 1250;
				LastUpgradeCheck = 1250;
				TargetAttributes = {
					D81C295926B24642002344BF = {
						CreatedOnToolsVersion = 12.5.1;
					};
				};
			};
			buildConfigurationList = D81C295526B24642002344BF /* Build configuration list for PBXProject "ArDemo" */;
			compatibilityVersion = "Xcode 9.3";
			developmentRegion = en;
			hasScannedForEncodings = 0;
			knownRegions = (
				en,
				Base,
			);
			mainGroup = D81C295126B24642002344BF;
			productRefGroup = D81C295B26B24642002344BF /* Products */;
			projectDirPath = "";
			projectRoot = "";
			targets = (
				D81C295926B24642002344BF /* ArDemo */,
			);
		};
/* End PBXProject section */

/* Begin PBXResourcesBuildPhase section */
		D81C295826B24642002344BF /* Resources */ = {
			isa = PBXResourcesBuildPhase;
			buildActionMask = 2147483647;
			files = (
				D81C296026B24642002344BF /* art.scnassets in Resources */,
				D81C296A26B24645002344BF /* LaunchScreen.storyboard in Resources */,
				D88527B826B31C1200D62A8B /* Assets.xcassets in Resources */,
				D81C296526B24642002344BF /* Main.storyboard in Resources */,
			);
			runOnlyForDeploymentPostprocessing = 0;
		};
/* End PBXResourcesBuildPhase section */

/* Begin PBXSourcesBuildPhase section */
		D81C295626B24642002344BF /* Sources */ = {
			isa = PBXSourcesBuildPhase;
			buildActionMask = 2147483647;
			files = (
				D81C296226B24642002344BF /* ViewController.swift in Sources */,
				D88527BD26B4893500D62A8B /* Support.swift in Sources */,
				D81C295E26B24642002344BF /* AppDelegate.swift in Sources */,
				D88527BB26B432A000D62A8B /* Board.swift in Sources */,
				D88527BF26B5341800D62A8B /* NewSupport.swift in Sources */,
			);
			runOnlyForDeploymentPostprocessing = 0;
		};
/* End PBXSourcesBuildPhase section */

/* Begin PBXVariantGroup section */
		D81C296326B24642002344BF /* Main.storyboard */ = {
			isa = PBXVariantGroup;
			children = (
				D81C296426B24642002344BF /* Base */,
			);
			name = Main.storyboard;
			sourceTree = "<group>";
		};
		D81C296826B24645002344BF /* LaunchScreen.storyboard */ = {
			isa = PBXVariantGroup;
			children = (
				D81C296926B24645002344BF /* Base */,
			);
			name = LaunchScreen.storyboard;
			sourceTree = "<group>";
		};
/* End PBXVariantGroup section */

/* Begin XCBuildConfiguration section */
		D81C296C26B24645002344BF /* Debug */ = {
			isa = XCBuildConfiguration;
			buildSettings = {
				ALWAYS_SEARCH_USER_PATHS = NO;
				CLANG_ANALYZER_NONNULL = YES;
				CLANG_ANALYZER_NUMBER_OBJECT_CONVERSION = YES_AGGRESSIVE;
				CLANG_CXX_LANGUAGE_STANDARD = "gnu++14";
				CLANG_CXX_LIBRARY = "libc++";
				CLANG_ENABLE_MODULES = YES;
				CLANG_ENABLE_OBJC_ARC = YES;
				CLANG_ENABLE_OBJC_WEAK = YES;
				CLANG_WARN_BLOCK_CAPTURE_AUTORELEASING = YES;
				CLANG_WARN_BOOL_CONVERSION = YES;
				CLANG_WARN_COMMA = YES;
				CLANG_WARN_CONSTANT_CONVERSION = YES;
				CLANG_WARN_DEPRECATED_OBJC_IMPLEMENTATIONS = YES;
				CLANG_WARN_DIRECT_OBJC_ISA_USAGE = YES_ERROR;
				CLANG_WARN_DOCUMENTATION_COMMENTS = YES;
				CLANG_WARN_EMPTY_BODY = YES;
				CLANG_WARN_ENUM_CONVERSION = YES;
				CLANG_WARN_INFINITE_RECURSION = YES;
				CLANG_WARN_INT_CONVERSION = YES;
				CLANG_WARN_NON_LITERAL_NULL_CONVERSION = YES;
				CLANG_WARN_OBJC_IMPLICIT_RETAIN_SELF = YES;
				CLANG_WARN_OBJC_LITERAL_CONVERSION = YES;
				CLANG_WARN_OBJC_ROOT_CLASS = YES_ERROR;
				CLANG_WARN_QUOTED_INCLUDE_IN_FRAMEWORK_HEADER = YES;
				CLANG_WARN_RANGE_LOOP_ANALYSIS = YES;
				CLANG_WARN_STRICT_PROTOTYPES = YES;
				CLANG_WARN_SUSPICIOUS_MOVE = YES;
				CLANG_WARN_UNGUARDED_AVAILABILITY = YES_AGGRESSIVE;
				CLANG_WARN_UNREACHABLE_CODE = YES;
				CLANG_WARN__DUPLICATE_METHOD_MATCH = YES;
				COPY_PHASE_STRIP = NO;
				DEBUG_INFORMATION_FORMAT = dwarf;
				ENABLE_STRICT_OBJC_MSGSEND = YES;
				ENABLE_TESTABILITY = YES;
				GCC_C_LANGUAGE_STANDARD = gnu11;
				GCC_DYNAMIC_NO_PIC = NO;
				GCC_NO_COMMON_BLOCKS = YES;
				GCC_OPTIMIZATION_LEVEL = 0;
				GCC_PREPROCESSOR_DEFINITIONS = (
					"DEBUG=1",
					"$(inherited)",
				);
				GCC_WARN_64_TO_32_BIT_CONVERSION = YES;
				GCC_WARN_ABOUT_RETURN_TYPE = YES_ERROR;
				GCC_WARN_UNDECLARED_SELECTOR = YES;
				GCC_WARN_UNINITIALIZED_AUTOS = YES_AGGRESSIVE;
				GCC_WARN_UNUSED_FUNCTION = YES;
				GCC_WARN_UNUSED_VARIABLE = YES;
				IPHONEOS_DEPLOYMENT_TARGET = 14.5;
				MTL_ENABLE_DEBUG_INFO = INCLUDE_SOURCE;
				MTL_FAST_MATH = YES;
				ONLY_ACTIVE_ARCH = YES;
				SDKROOT = iphoneos;
				SWIFT_ACTIVE_COMPILATION_CONDITIONS = DEBUG;
				SWIFT_OPTIMIZATION_LEVEL = "-Onone";
			};
			name = Debug;
		};
		D81C296D26B24645002344BF /* Release */ = {
			isa = XCBuildConfiguration;
			buildSettings = {
				ALWAYS_SEARCH_USER_PATHS = NO;
				CLANG_ANALYZER_NONNULL = YES;
				CLANG_ANALYZER_NUMBER_OBJECT_CONVERSION = YES_AGGRESSIVE;
				CLANG_CXX_LANGUAGE_STANDARD = "gnu++14";
				CLANG_CXX_LIBRARY = "libc++";
				CLANG_ENABLE_MODULES = YES;
				CLANG_ENABLE_OBJC_ARC = YES;
				CLANG_ENABLE_OBJC_WEAK = YES;
				CLANG_WARN_BLOCK_CAPTURE_AUTORELEASING = YES;
				CLANG_WARN_BOOL_CONVERSION = YES;
				CLANG_WARN_COMMA = YES;
				CLANG_WARN_CONSTANT_CONVERSION = YES;
				CLANG_WARN_DEPRECATED_OBJC_IMPLEMENTATIONS = YES;
				CLANG_WARN_DIRECT_OBJC_ISA_USAGE = YES_ERROR;
				CLANG_WARN_DOCUMENTATION_COMMENTS = YES;
				CLANG_WARN_EMPTY_BODY = YES;
				CLANG_WARN_ENUM_CONVERSION = YES;
				CLANG_WARN_INFINITE_RECURSION = YES;
				CLANG_WARN_INT_CONVERSION = YES;
				CLANG_WARN_NON_LITERAL_NULL_CONVERSION = YES;
				CLANG_WARN_OBJC_IMPLICIT_RETAIN_SELF = YES;
				CLANG_WARN_OBJC_LITERAL_CONVERSION = YES;
				CLANG_WARN_OBJC_ROOT_CLASS = YES_ERROR;
				CLANG_WARN_QUOTED_INCLUDE_IN_FRAMEWORK_HEADER = YES;
				CLANG_WARN_RANGE_LOOP_ANALYSIS = YES;
				CLANG_WARN_STRICT_PROTOTYPES = YES;
				CLANG_WARN_SUSPICIOUS_MOVE = YES;
				CLANG_WARN_UNGUARDED_AVAILABILITY = YES_AGGRESSIVE;
				CLANG_WARN_UNREACHABLE_CODE = YES;
				CLANG_WARN__DUPLICATE_METHOD_MATCH = YES;
				COPY_PHASE_STRIP = NO;
				DEBUG_INFORMATION_FORMAT = "dwarf-with-dsym";
				ENABLE_NS_ASSERTIONS = NO;
				ENABLE_STRICT_OBJC_MSGSEND = YES;
				GCC_C_LANGUAGE_STANDARD = gnu11;
				GCC_NO_COMMON_BLOCKS = YES;
				GCC_WARN_64_TO_32_BIT_CONVERSION = YES;
				GCC_WARN_ABOUT_RETURN_TYPE = YES_ERROR;
				GCC_WARN_UNDECLARED_SELECTOR = YES;
				GCC_WARN_UNINITIALIZED_AUTOS = YES_AGGRESSIVE;
				GCC_WARN_UNUSED_FUNCTION = YES;
				GCC_WARN_UNUSED_VARIABLE = YES;
				IPHONEOS_DEPLOYMENT_TARGET = 14.5;
				MTL_ENABLE_DEBUG_INFO = NO;
				MTL_FAST_MATH = YES;
				SDKROOT = iphoneos;
				SWIFT_COMPILATION_MODE = wholemodule;
				SWIFT_OPTIMIZATION_LEVEL = "-O";
				VALIDATE_PRODUCT = YES;
			};
			name = Release;
		};
		D81C296F26B24645002344BF /* Debug */ = {
			isa = XCBuildConfiguration;
			buildSettings = {
				ASSETCATALOG_COMPILER_APPICON_NAME = AppIcon;
				ASSETCATALOG_COMPILER_GLOBAL_ACCENT_COLOR_NAME = AccentColor;
				CODE_SIGN_STYLE = Automatic;
				DEVELOPMENT_ASSET_PATHS = "";
				DEVELOPMENT_TEAM = 8SRMJ47G6Q;
				INFOPLIST_FILE = ArDemo/Info.plist;
				LD_RUNPATH_SEARCH_PATHS = (
					"$(inherited)",
					"@executable_path/Frameworks",
				);
				PRODUCT_BUNDLE_IDENTIFIER = com.Fishiu.ArDemo;
				PRODUCT_NAME = "$(TARGET_NAME)";
				SWIFT_VERSION = 5.0;
				TARGETED_DEVICE_FAMILY = "1,2";
			};
			name = Debug;
		};
		D81C297026B24645002344BF /* Release */ = {
			isa = XCBuildConfiguration;
			buildSettings = {
				ASSETCATALOG_COMPILER_APPICON_NAME = AppIcon;
				ASSETCATALOG_COMPILER_GLOBAL_ACCENT_COLOR_NAME = AccentColor;
				CODE_SIGN_STYLE = Automatic;
				DEVELOPMENT_ASSET_PATHS = "";
				DEVELOPMENT_TEAM = 8SRMJ47G6Q;
				INFOPLIST_FILE = ArDemo/Info.plist;
				LD_RUNPATH_SEARCH_PATHS = (
					"$(inherited)",
					"@executable_path/Frameworks",
				);
				PRODUCT_BUNDLE_IDENTIFIER = com.Fishiu.ArDemo;
				PRODUCT_NAME = "$(TARGET_NAME)";
				SWIFT_VERSION = 5.0;
				TARGETED_DEVICE_FAMILY = "1,2";
			};
			name = Release;
		};
/* End XCBuildConfiguration section */

/* Begin XCConfigurationList section */
		D81C295526B24642002344BF /* Build configuration list for PBXProject "ArDemo" */ = {
			isa = XCConfigurationList;
			buildConfigurations = (
				D81C296C26B24645002344BF /* Debug */,
				D81C296D26B24645002344BF /* Release */,
			);
			defaultConfigurationIsVisible = 0;
			defaultConfigurationName = Release;
		};
		D81C296E26B24645002344BF /* Build configuration list for PBXNativeTarget "ArDemo" */ = {
			isa = XCConfigurationList;
			buildConfigurations = (
				D81C296F26B24645002344BF /* Debug */,
				D81C297026B24645002344BF /* Release */,
			);
			defaultConfigurationIsVisible = 0;
			defaultConfigurationName = Release;
		};
/* End XCConfigurationList section */
	};
	rootObject = D81C295226B24642002344BF /* Project object */;
}
